{
    "name": "helloworld",
    "version": "1.0.0",
    "lockfileVersion": 1,
    "requires": true,
    "dependencies": {
        "cordova-plugin-apiai": {
            "version": "1.7.4",
            "resolved": "https://registry.npmjs.org/cordova-plugin-apiai/-/cordova-plugin-apiai-1.7.4.tgz",
            "integrity": "sha1-VtgUEJTGmsVywbQ9BtOUe1podUw="
        },
        "cordova-plugin-call-number": {
            "version": "1.0.1",
            "resolved": "https://registry.npmjs.org/cordova-plugin-call-number/-/cordova-plugin-call-number-1.0.1.tgz",
            "integrity": "sha1-3ZZDv6KzNKbGix5kqpYp5iJ8WfE="
        },
        "cordova-plugin-speechrecognition": {
            "version": "1.2.0",
            "resolved": "https://registry.npmjs.org/cordova-plugin-speechrecognition/-/cordova-plugin-speechrecognition-1.2.0.tgz",
            "integrity": "sha1-AF8QyJb9kpPYWH/lUiorZC3qlwo="
        },
        "cordova-plugin-splashscreen": {
            "version": "5.0.2",
            "resolved": "https://registry.npmjs.org/cordova-plugin-splashscreen/-/cordova-plugin-splashscreen-5.0.2.tgz",
            "integrity": "sha1-dH509W4gHNWFvGLRS8oZ9oZ/8e0="
        }
    }
}
